
Microsoft Visual Studio Solution File, Format Version 12.00
# Visual Studio Version 16
VisualStudioVersion = 16.0.30503.244
MinimumVisualStudioVersion = 10.0.40219.1
Project("{8BC9CEB8-8B4A-11D0-8D11-00A0C91BC942}") = "Фиксированная сумма", "Фиксированная сумма.vcxproj", "{14530B08-E140-41FE-BB7C-42BBD2A75529}"
EndProject
Global
	GlobalSection(SolutionConfigurationPlatforms) = preSolution
		Debug|x64 = Debug|x64
		Debug|x86 = Debug|x86
		Release|x64 = Release|x64
		Release|x86 = Release|x86
	EndGlobalSection
	GlobalSection(ProjectConfigurationPlatforms) = postSolution
		{14530B08-E140-41FE-BB7C-42BBD2A75529}.Debug|x64.ActiveCfg = Debug|x64
		{14530B08-E140-41FE-BB7C-42BBD2A75529}.Debug|x64.Build.0 = Debug|x64
		{14530B08-E140-41FE-BB7C-42BBD2A75529}.Debug|x86.ActiveCfg = Debug|Win32
		{14530B08-E140-41FE-BB7C-42BBD2A75529}.Debug|x86.Build.0 = Debug|Win32
		{14530B08-E140-41FE-BB7C-42BBD2A75529}.Release|x64.ActiveCfg = Release|x64
		{14530B08-E140-41FE-BB7C-42BBD2A75529}.Release|x64.Build.0 = Release|x64
		{14530B08-E140-41FE-BB7C-42BBD2A75529}.Release|x86.ActiveCfg = Release|Win32
		{14530B08-E140-41FE-BB7C-42BBD2A75529}.Release|x86.Build.0 = Release|Win32
	EndGlobalSection
	GlobalSection(SolutionProperties) = preSolution
		HideSolutionNode = FALSE
	EndGlobalSection
	GlobalSection(ExtensibilityGlobals) = postSolution
		SolutionGuid = {D61BAD1E-BC3B-4E78-ACB1-5458211E4738}
	EndGlobalSection
EndGlobal
